// !$*UTF8*$!
{
	archiveVersion = 1;
	classes = {
	};
	objectVersion = 50;
	objects = {

/* Begin PBXBuildFile section */
		311B85A7316C00BF07CB6138 /* Pods_Parstagram.framework in Frameworks */ = {isa = PBXBuildFile; fileRef = 531FA9203E64C9632A413703 /* Pods_Parstagram.framework */; };
		47E2FB2CFDF7D745E9CFACCF /* Pods_ParstagramUITests.framework in Frameworks */ = {isa = PBXBuildFile; fileRef = 06E6AA3384A579F7C2F11F3A /* Pods_ParstagramUITests.framework */; };
		CF4C26E6ED6A30D13BE04D6C /* Pods_ParstagramTests.framework in Frameworks */ = {isa = PBXBuildFile; fileRef = A10F7FD29004A96101191F79 /* Pods_ParstagramTests.framework */; };
		FA4262632218BC6900A81843 /* AppDelegate.swift in Sources */ = {isa = PBXBuildFile; fileRef = FA4262622218BC6900A81843 /* AppDelegate.swift */; };
		FA4262682218BC6900A81843 /* Main.storyboard in Resources */ = {isa = PBXBuildFile; fileRef = FA4262662218BC6900A81843 /* Main.storyboard */; };
		FA42626A2218BC6F00A81843 /* Assets.xcassets in Resources */ = {isa = PBXBuildFile; fileRef = FA4262692218BC6F00A81843 /* Assets.xcassets */; };
		FA42626D2218BC6F00A81843 /* LaunchScreen.storyboard in Resources */ = {isa = PBXBuildFile; fileRef = FA42626B2218BC6F00A81843 /* LaunchScreen.storyboard */; };
		FA4262782218BC7000A81843 /* ParstagramTests.swift in Sources */ = {isa = PBXBuildFile; fileRef = FA4262772218BC7000A81843 /* ParstagramTests.swift */; };
		FA4262832218BC7000A81843 /* ParstagramUITests.swift in Sources */ = {isa = PBXBuildFile; fileRef = FA4262822218BC7000A81843 /* ParstagramUITests.swift */; };
		FA4262932218C7B500A81843 /* LoginViewController.swift in Sources */ = {isa = PBXBuildFile; fileRef = FA4262922218C7B500A81843 /* LoginViewController.swift */; };
		FA4262952218C7C600A81843 /* FeedViewController.swift in Sources */ = {isa = PBXBuildFile; fileRef = FA4262942218C7C600A81843 /* FeedViewController.swift */; };
		FA4262972218D06C00A81843 /* CameraViewController.swift in Sources */ = {isa = PBXBuildFile; fileRef = FA4262962218D06C00A81843 /* CameraViewController.swift */; };
		FA4262992218D7DF00A81843 /* postTableViewCell.swift in Sources */ = {isa = PBXBuildFile; fileRef = FA4262982218D7DF00A81843 /* postTableViewCell.swift */; };
/* End PBXBuildFile section */

/* Begin PBXContainerItemProxy section */
		FA4262742218BC7000A81843 /* PBXContainerItemProxy */ = {
			isa = PBXContainerItemProxy;
			containerPortal = FA4262572218BC6900A81843 /* Project object */;
			proxyType = 1;
			remoteGlobalIDString = FA42625E2218BC6900A81843;
			remoteInfo = Parstagram;
		};
		FA42627F2218BC7000A81843 /* PBXContainerItemProxy */ = {
			isa = PBXContainerItemProxy;
			containerPortal = FA4262572218BC6900A81843 /* Project object */;
			proxyType = 1;
			remoteGlobalIDString = FA42625E2218BC6900A81843;
			remoteInfo = Parstagram;
		};
/* End PBXContainerItemProxy section */

/* Begin PBXFileReference section */
		06E6AA3384A579F7C2F11F3A /* Pods_ParstagramUITests.framework */ = {isa = PBXFileReference; explicitFileType = wrapper.framework; includeInIndex = 0; path = Pods_ParstagramUITests.framework; sourceTree = BUILT_PRODUCTS_DIR; };
		19953302B2AC9F283EC60309 /* Pods-ParstagramTests.release.xcconfig */ = {isa = PBXFileReference; includeInIndex = 1; lastKnownFileType = text.xcconfig; name = "Pods-ParstagramTests.release.xcconfig"; path = "Pods/Target Support Files/Pods-ParstagramTests/Pods-ParstagramTests.release.xcconfig"; sourceTree = "<group>"; };
		531FA9203E64C9632A413703 /* Pods_Parstagram.framework */ = {isa = PBXFileReference; explicitFileType = wrapper.framework; includeInIndex = 0; path = Pods_Parstagram.framework; sourceTree = BUILT_PRODUCTS_DIR; };
		5E5EC95415B1BF881F20C5CC /* Pods-ParstagramTests.debug.xcconfig */ = {isa = PBXFileReference; includeInIndex = 1; lastKnownFileType = text.xcconfig; name = "Pods-ParstagramTests.debug.xcconfig"; path = "Pods/Target Support Files/Pods-ParstagramTests/Pods-ParstagramTests.debug.xcconfig"; sourceTree = "<group>"; };
		654F86208DF801B5A748931C /* Pods-Parstagram.release.xcconfig */ = {isa = PBXFileReference; includeInIndex = 1; lastKnownFileType = text.xcconfig; name = "Pods-Parstagram.release.xcconfig"; path = "Pods/Target Support Files/Pods-Parstagram/Pods-Parstagram.release.xcconfig"; sourceTree = "<group>"; };
		8BC49B761435DBFBD7CCC7A5 /* Pods-Parstagram.debug.xcconfig */ = {isa = PBXFileReference; includeInIndex = 1; lastKnownFileType = text.xcconfig; name = "Pods-Parstagram.debug.xcconfig"; path = "Pods/Target Support Files/Pods-Parstagram/Pods-Parstagram.debug.xcconfig"; sourceTree = "<group>"; };
		A10F7FD29004A96101191F79 /* Pods_ParstagramTests.framework */ = {isa = PBXFileReference; explicitFileType = wrapper.framework; includeInIndex = 0; path = Pods_ParstagramTests.framework; sourceTree = BUILT_PRODUCTS_DIR; };
		C1FE7B15E39D6B1A59A95B12 /* Pods-ParstagramUITests.release.xcconfig */ = {isa = PBXFileReference; includeInIndex = 1; lastKnownFileType = text.xcconfig; name = "Pods-ParstagramUITests.release.xcconfig"; path = "Pods/Target Support Files/Pods-ParstagramUITests/Pods-ParstagramUITests.release.xcconfig"; sourceTree = "<group>"; };
		CA5CD46B0A1ED4DBA28BB0E6 /* Pods-ParstagramUITests.debug.xcconfig */ = {isa = PBXFileReference; includeInIndex = 1; lastKnownFileType = text.xcconfig; name = "Pods-ParstagramUITests.debug.xcconfig"; path = "Pods/Target Support Files/Pods-ParstagramUITests/Pods-ParstagramUITests.debug.xcconfig"; sourceTree = "<group>"; };
		FA42625F2218BC6900A81843 /* Parstagram.app */ = {isa = PBXFileReference; explicitFileType = wrapper.application; includeInIndex = 0; path = Parstagram.app; sourceTree = BUILT_PRODUCTS_DIR; };
		FA4262622218BC6900A81843 /* AppDelegate.swift */ = {isa = PBXFileReference; lastKnownFileType = sourcecode.swift; path = AppDelegate.swift; sourceTree = "<group>"; };
		FA4262672218BC6900A81843 /* Base */ = {isa = PBXFileReference; lastKnownFileType = file.storyboard; name = Base; path = Base.lproj/Main.storyboard; sourceTree = "<group>"; };
		FA4262692218BC6F00A81843 /* Assets.xcassets */ = {isa = PBXFileReference; lastKnownFileType = folder.assetcatalog; path = Assets.xcassets; sourceTree = "<group>"; };
		FA42626C2218BC6F00A81843 /* Base */ = {isa = PBXFileReference; lastKnownFileType = file.storyboard; name = Base; path = Base.lproj/LaunchScreen.storyboard; sourceTree = "<group>"; };
		FA42626E2218BC6F00A81843 /* Info.plist */ = {isa = PBXFileReference; lastKnownFileType = text.plist.xml; path = Info.plist; sourceTree = "<group>"; };
		FA4262732218BC7000A81843 /* ParstagramTests.xctest */ = {isa = PBXFileReference; explicitFileType = wrapper.cfbundle; includeInIndex = 0; path = ParstagramTests.xctest; sourceTree = BUILT_PRODUCTS_DIR; };
		FA4262772218BC7000A81843 /* ParstagramTests.swift */ = {isa = PBXFileReference; lastKnownFileType = sourcecode.swift; path = ParstagramTests.swift; sourceTree = "<group>"; };
		FA4262792218BC7000A81843 /* Info.plist */ = {isa = PBXFileReference; lastKnownFileType = text.plist.xml; path = Info.plist; sourceTree = "<group>"; };
		FA42627E2218BC7000A81843 /* ParstagramUITests.xctest */ = {isa = PBXFileReference; explicitFileType = wrapper.cfbundle; includeInIndex = 0; path = ParstagramUITests.xctest; sourceTree = BUILT_PRODUCTS_DIR; };
		FA4262822218BC7000A81843 /* ParstagramUITests.swift */ = {isa = PBXFileReference; lastKnownFileType = sourcecode.swift; path = ParstagramUITests.swift; sourceTree = "<group>"; };
		FA4262842218BC7000A81843 /* Info.plist */ = {isa = PBXFileReference; lastKnownFileType = text.plist.xml; path = Info.plist; sourceTree = "<group>"; };
		FA4262922218C7B500A81843 /* LoginViewController.swift */ = {isa = PBXFileReference; lastKnownFileType = sourcecode.swift; path = LoginViewController.swift; sourceTree = "<group>"; };
		FA4262942218C7C600A81843 /* FeedViewController.swift */ = {isa = PBXFileReference; lastKnownFileType = sourcecode.swift; path = FeedViewController.swift; sourceTree = "<group>"; };
		FA4262962218D06C00A81843 /* CameraViewController.swift */ = {isa = PBXFileReference; lastKnownFileType = sourcecode.swift; path = CameraViewController.swift; sourceTree = "<group>"; };
		FA4262982218D7DF00A81843 /* postTableViewCell.swift */ = {isa = PBXFileReference; lastKnownFileType = sourcecode.swift; path = postTableViewCell.swift; sourceTree = "<group>"; };
/* End PBXFileReference section */

/* Begin PBXFrameworksBuildPhase section */
		FA42625C2218BC6900A81843 /* Frameworks */ = {
			isa = PBXFrameworksBuildPhase;
			buildActionMask = 2147483647;
			files = (
				311B85A7316C00BF07CB6138 /* Pods_Parstagram.framework in Frameworks */,
			);
			runOnlyForDeploymentPostprocessing = 0;
		};
		FA4262702218BC7000A81843 /* Frameworks */ = {
			isa = PBXFrameworksBuildPhase;
			buildActionMask = 2147483647;
			files = (
				CF4C26E6ED6A30D13BE04D6C /* Pods_ParstagramTests.framework in Frameworks */,
			);
			runOnlyForDeploymentPostprocessing = 0;
		};
		FA42627B2218BC7000A81843 /* Frameworks */ = {
			isa = PBXFrameworksBuildPhase;
			buildActionMask = 2147483647;
			files = (
				47E2FB2CFDF7D745E9CFACCF /* Pods_ParstagramUITests.framework in Frameworks */,
			);
			runOnlyForDeploymentPostprocessing = 0;
		};
/* End PBXFrameworksBuildPhase section */

/* Begin PBXGroup section */
		758E9243B2FF2CA9FBC0C3C2 /* Frameworks */ = {
			isa = PBXGroup;
			children = (
				531FA9203E64C9632A413703 /* Pods_Parstagram.framework */,
				A10F7FD29004A96101191F79 /* Pods_ParstagramTests.framework */,
				06E6AA3384A579F7C2F11F3A /* Pods_ParstagramUITests.framework */,
			);
			name = Frameworks;
			sourceTree = "<group>";
		};
		7F03267BA4A40AF1AA041B51 /* Pods */ = {
			isa = PBXGroup;
			children = (
				8BC49B761435DBFBD7CCC7A5 /* Pods-Parstagram.debug.xcconfig */,
				654F86208DF801B5A748931C /* Pods-Parstagram.release.xcconfig */,
				5E5EC95415B1BF881F20C5CC /* Pods-ParstagramTests.debug.xcconfig */,
				19953302B2AC9F283EC60309 /* Pods-ParstagramTests.release.xcconfig */,
				CA5CD46B0A1ED4DBA28BB0E6 /* Pods-ParstagramUITests.debug.xcconfig */,
				C1FE7B15E39D6B1A59A95B12 /* Pods-ParstagramUITests.release.xcconfig */,
			);
			name = Pods;
			sourceTree = "<group>";
		};
		FA4262562218BC6900A81843 = {
			isa = PBXGroup;
			children = (
				FA4262612218BC6900A81843 /* Parstagram */,
				FA4262762218BC7000A81843 /* ParstagramTests */,
				FA4262812218BC7000A81843 /* ParstagramUITests */,
				FA4262602218BC6900A81843 /* Products */,
				7F03267BA4A40AF1AA041B51 /* Pods */,
				758E9243B2FF2CA9FBC0C3C2 /* Frameworks */,
			);
			sourceTree = "<group>";
		};
		FA4262602218BC6900A81843 /* Products */ = {
			isa = PBXGroup;
			children = (
				FA42625F2218BC6900A81843 /* Parstagram.app */,
				FA4262732218BC7000A81843 /* ParstagramTests.xctest */,
				FA42627E2218BC7000A81843 /* ParstagramUITests.xctest */,
			);
			name = Products;
			sourceTree = "<group>";
		};
		FA4262612218BC6900A81843 /* Parstagram */ = {
			isa = PBXGroup;
			children = (
				FA4262622218BC6900A81843 /* AppDelegate.swift */,
				FA4262662218BC6900A81843 /* Main.storyboard */,
				FA4262982218D7DF00A81843 /* postTableViewCell.swift */,
				FA4262692218BC6F00A81843 /* Assets.xcassets */,
				FA42626B2218BC6F00A81843 /* LaunchScreen.storyboard */,
				FA42626E2218BC6F00A81843 /* Info.plist */,
				FA4262922218C7B500A81843 /* LoginViewController.swift */,
				FA4262942218C7C600A81843 /* FeedViewController.swift */,
				FA4262962218D06C00A81843 /* CameraViewController.swift */,
			);
			path = Parstagram;
			sourceTree = "<group>";
		};
		FA4262762218BC7000A81843 /* ParstagramTests */ = {
			isa = PBXGroup;
			children = (
				FA4262772218BC7000A81843 /* ParstagramTests.swift */,
				FA4262792218BC7000A81843 /* Info.plist */,
			);
			path = ParstagramTests;
			sourceTree = "<group>";
		};
		FA4262812218BC7000A81843 /* ParstagramUITests */ = {
			isa = PBXGroup;
			children = (
				FA4262822218BC7000A81843 /* ParstagramUITests.swift */,
				FA4262842218BC7000A81843 /* Info.plist */,
			);
			path = ParstagramUITests;
			sourceTree = "<group>";
		};
/* End PBXGroup section */

/* Begin PBXNativeTarget section */
		FA42625E2218BC6900A81843 /* Parstagram */ = {
			isa = PBXNativeTarget;
			buildConfigurationList = FA4262872218BC7000A81843 /* Build configuration list for PBXNativeTarget "Parstagram" */;
			buildPhases = (
				891FF7D2A506AC8865326F47 /* [CP] Check Pods Manifest.lock */,
				FA42625B2218BC6900A81843 /* Sources */,
				FA42625C2218BC6900A81843 /* Frameworks */,
				FA42625D2218BC6900A81843 /* Resources */,
				37E24B5C2E9401654F05E4DA /* [CP] Embed Pods Frameworks */,
			);
			buildRules = (
			);
			dependencies = (
			);
			name = Parstagram;
			productName = Parstagram;
			productReference = FA42625F2218BC6900A81843 /* Parstagram.app */;
			productType = "com.apple.product-type.application";
		};
		FA4262722218BC7000A81843 /* ParstagramTests */ = {
			isa = PBXNativeTarget;
			buildConfigurationList = FA42628A2218BC7000A81843 /* Build configuration list for PBXNativeTarget "ParstagramTests" */;
			buildPhases = (
				D3DCEFA1545A36F9EEF356A3 /* [CP] Check Pods Manifest.lock */,
				FA42626F2218BC7000A81843 /* Sources */,
				FA4262702218BC7000A81843 /* Frameworks */,
				FA4262712218BC7000A81843 /* Resources */,
			);
			buildRules = (
			);
			dependencies = (
				FA4262752218BC7000A81843 /* PBXTargetDependency */,
			);
			name = ParstagramTests;
			productName = ParstagramTests;
			productReference = FA4262732218BC7000A81843 /* ParstagramTests.xctest */;
			productType = "com.apple.product-type.bundle.unit-test";
		};
		FA42627D2218BC7000A81843 /* ParstagramUITests */ = {
			isa = PBXNativeTarget;
			buildConfigurationList = FA42628D2218BC7000A81843 /* Build configuration list for PBXNativeTarget "ParstagramUITests" */;
			buildPhases = (
				4C8D407198C80FD067DB5923 /* [CP] Check Pods Manifest.lock */,
				FA42627A2218BC7000A81843 /* Sources */,
				FA42627B2218BC7000A81843 /* Frameworks */,
				FA42627C2218BC7000A81843 /* Resources */,
			);
			buildRules = (
			);
			dependencies = (
				FA4262802218BC7000A81843 /* PBXTargetDependency */,
			);
			name = ParstagramUITests;
			productName = ParstagramUITests;
			productReference = FA42627E2218BC7000A81843 /* ParstagramUITests.xctest */;
			productType = "com.apple.product-type.bundle.ui-testing";
		};
/* End PBXNativeTarget section */

/* Begin PBXProject section */
		FA4262572218BC6900A81843 /* Project object */ = {
			isa = PBXProject;
			attributes = {
				LastSwiftUpdateCheck = 1010;
				LastUpgradeCheck = 1010;
				ORGANIZATIONNAME = "linda shu";
				TargetAttributes = {
					FA42625E2218BC6900A81843 = {
						CreatedOnToolsVersion = 10.1;
					};
					FA4262722218BC7000A81843 = {
						CreatedOnToolsVersion = 10.1;
						TestTargetID = FA42625E2218BC6900A81843;
					};
					FA42627D2218BC7000A81843 = {
						CreatedOnToolsVersion = 10.1;
						TestTargetID = FA42625E2218BC6900A81843;
					};
				};
			};
			buildConfigurationList = FA42625A2218BC6900A81843 /* Build configuration list for PBXProject "Parstagram" */;
			compatibilityVersion = "Xcode 9.3";
			developmentRegion = en;
			hasScannedForEncodings = 0;
			knownRegions = (
				en,
				Base,
			);
			mainGroup = FA4262562218BC6900A81843;
			productRefGroup = FA4262602218BC6900A81843 /* Products */;
			projectDirPath = "";
			projectRoot = "";
			targets = (
				FA42625E2218BC6900A81843 /* Parstagram */,
				FA4262722218BC7000A81843 /* ParstagramTests */,
				FA42627D2218BC7000A81843 /* ParstagramUITests */,
			);
		};
/* End PBXProject section */

/* Begin PBXResourcesBuildPhase section */
		FA42625D2218BC6900A81843 /* Resources */ = {
			isa = PBXResourcesBuildPhase;
			buildActionMask = 2147483647;
			files = (
				FA42626D2218BC6F00A81843 /* LaunchScreen.storyboard in Resources */,
				FA42626A2218BC6F00A81843 /* Assets.xcassets in Resources */,
				FA4262682218BC6900A81843 /* Main.storyboard in Resources */,
			);
			runOnlyForDeploymentPostprocessing = 0;
		};
		FA4262712218BC7000A81843 /* Resources */ = {
			isa = PBXResourcesBuildPhase;
			buildActionMask = 2147483647;
			files = (
			);
			runOnlyForDeploymentPostprocessing = 0;
		};
		FA42627C2218BC7000A81843 /* Resources */ = {
			isa = PBXResourcesBuildPhase;
			buildActionMask = 2147483647;
			files = (
			);
			runOnlyForDeploymentPostprocessing = 0;
		};
/* End PBXResourcesBuildPhase section */

/* Begin PBXShellScriptBuildPhase section */
		37E24B5C2E9401654F05E4DA /* [CP] Embed Pods Frameworks */ = {
			isa = PBXShellScriptBuildPhase;
			buildActionMask = 2147483647;
			files = (
			);
			inputFileListPaths = (
			);
			inputPaths = (
				"${SRCROOT}/Pods/Target Support Files/Pods-Parstagram/Pods-Parstagram-frameworks.sh",
				"${BUILT_PRODUCTS_DIR}/Alamofire/Alamofire.framework",
				"${BUILT_PRODUCTS_DIR}/AlamofireImage/AlamofireImage.framework",
				"${BUILT_PRODUCTS_DIR}/Bolts/Bolts.framework",
				"${BUILT_PRODUCTS_DIR}/Parse/Parse.framework",
			);
			name = "[CP] Embed Pods Frameworks";
			outputFileListPaths = (
			);
			outputPaths = (
				"${TARGET_BUILD_DIR}/${FRAMEWORKS_FOLDER_PATH}/Alamofire.framework",
				"${TARGET_BUILD_DIR}/${FRAMEWORKS_FOLDER_PATH}/AlamofireImage.framework",
				"${TARGET_BUILD_DIR}/${FRAMEWORKS_FOLDER_PATH}/Bolts.framework",
				"${TARGET_BUILD_DIR}/${FRAMEWORKS_FOLDER_PATH}/Parse.framework",
			);
			runOnlyForDeploymentPostprocessing = 0;
			shellPath = /bin/sh;
			shellScript = "\"${SRCROOT}/Pods/Target Support Files/Pods-Parstagram/Pods-Parstagram-frameworks.sh\"\n";
			showEnvVarsInLog = 0;
		};
		4C8D407198C80FD067DB5923 /* [CP] Check Pods Manifest.lock */ = {
			isa = PBXShellScriptBuildPhase;
			buildActionMask = 2147483647;
			files = (
			);
			inputFileListPaths = (
			);
			inputPaths = (
				"${PODS_PODFILE_DIR_PATH}/Podfile.lock",
				"${PODS_ROOT}/Manifest.lock",
			);
			name = "[CP] Check Pods Manifest.lock";
			outputFileListPaths = (
			);
			outputPaths = (
				"$(DERIVED_FILE_DIR)/Pods-ParstagramUITests-checkManifestLockResult.txt",
			);
			runOnlyForDeploymentPostprocessing = 0;
			shellPath = /bin/sh;
			shellScript = "diff \"${PODS_PODFILE_DIR_PATH}/Podfile.lock\" \"${PODS_ROOT}/Manifest.lock\" > /dev/null\nif [ $? != 0 ] ; then\n    # print error to STDERR\n    echo \"error: The sandbox is not in sync with the Podfile.lock. Run 'pod install' or update your CocoaPods installation.\" >&2\n    exit 1\nfi\n# This output is used by Xcode 'outputs' to avoid re-running this script phase.\necho \"SUCCESS\" > \"${SCRIPT_OUTPUT_FILE_0}\"\n";
			showEnvVarsInLog = 0;
		};
		891FF7D2A506AC8865326F47 /* [CP] Check Pods Manifest.lock */ = {
			isa = PBXShellScriptBuildPhase;
			buildActionMask = 2147483647;
			files = (
			);
			inputFileListPaths = (
			);
			inputPaths = (
				"${PODS_PODFILE_DIR_PATH}/Podfile.lock",
				"${PODS_ROOT}/Manifest.lock",
			);
			name = "[CP] Check Pods Manifest.lock";
			outputFileListPaths = (
			);
			outputPaths = (
				"$(DERIVED_FILE_DIR)/Pods-Parstagram-checkManifestLockResult.txt",
			);
			runOnlyForDeploymentPostprocessing = 0;
			shellPath = /bin/sh;
			shellScript = "diff \"${PODS_PODFILE_DIR_PATH}/Podfile.lock\" \"${PODS_ROOT}/Manifest.lock\" > /dev/null\nif [ $? != 0 ] ; then\n    # print error to STDERR\n    echo \"error: The sandbox is not in sync with the Podfile.lock. Run 'pod install' or update your CocoaPods installation.\" >&2\n    exit 1\nfi\n# This output is used by Xcode 'outputs' to avoid re-running this script phase.\necho \"SUCCESS\" > \"${SCRIPT_OUTPUT_FILE_0}\"\n";
			showEnvVarsInLog = 0;
		};
		D3DCEFA1545A36F9EEF356A3 /* [CP] Check Pods Manifest.lock */ = {
			isa = PBXShellScriptBuildPhase;
			buildActionMask = 2147483647;
			files = (
			);
			inputFileListPaths = (
			);
			inputPaths = (
				"${PODS_PODFILE_DIR_PATH}/Podfile.lock",
				"${PODS_ROOT}/Manifest.lock",
			);
			name = "[CP] Check Pods Manifest.lock";
			outputFileListPaths = (
			);
			outputPaths = (
				"$(DERIVED_FILE_DIR)/Pods-ParstagramTests-checkManifestLockResult.txt",
			);
			runOnlyForDeploymentPostprocessing = 0;
			shellPath = /bin/sh;
			shellScript = "diff \"${PODS_PODFILE_DIR_PATH}/Podfile.lock\" \"${PODS_ROOT}/Manifest.lock\" > /dev/null\nif [ $? != 0 ] ; then\n    # print error to STDERR\n    echo \"error: The sandbox is not in sync with the Podfile.lock. Run 'pod install' or update your CocoaPods installation.\" >&2\n    exit 1\nfi\n# This output is used by Xcode 'outputs' to avoid re-running this script phase.\necho \"SUCCESS\" > \"${SCRIPT_OUTPUT_FILE_0}\"\n";
			showEnvVarsInLog = 0;
		};
/* End PBXShellScriptBuildPhase section */

/* Begin PBXSourcesBuildPhase section */
		FA42625B2218BC6900A81843 /* Sources */ = {
			isa = PBXSourcesBuildPhase;
			buildActionMask = 2147483647;
			files = (
				FA4262932218C7B500A81843 /* LoginViewController.swift in Sources */,
				FA4262972218D06C00A81843 /* CameraViewController.swift in Sources */,
				FA4262952218C7C600A81843 /* FeedViewController.swift in Sources */,
				FA4262632218BC6900A81843 /* AppDelegate.swift in Sources */,
				FA4262992218D7DF00A81843 /* postTableViewCell.swift in Sources */,
			);
			runOnlyForDeploymentPostprocessing = 0;
		};
		FA42626F2218BC7000A81843 /* Sources */ = {
			isa = PBXSourcesBuildPhase;
			buildActionMask = 2147483647;
			files = (
				FA4262782218BC7000A81843 /* ParstagramTests.swift in Sources */,
			);
			runOnlyForDeploymentPostprocessing = 0;
		};
		FA42627A2218BC7000A81843 /* Sources */ = {
			isa = PBXSourcesBuildPhase;
			buildActionMask = 2147483647;
			files = (
				FA4262832218BC7000A81843 /* ParstagramUITests.swift in Sources */,
			);
			runOnlyForDeploymentPostprocessing = 0;
		};
/* End PBXSourcesBuildPhase section */

/* Begin PBXTargetDependency section */
		FA4262752218BC7000A81843 /* PBXTargetDependency */ = {
			isa = PBXTargetDependency;
			target = FA42625E2218BC6900A81843 /* Parstagram */;
			targetProxy = FA4262742218BC7000A81843 /* PBXContainerItemProxy */;
		};
		FA4262802218BC7000A81843 /* PBXTargetDependency */ = {
			isa = PBXTargetDependency;
			target = FA42625E2218BC6900A81843 /* Parstagram */;
			targetProxy = FA42627F2218BC7000A81843 /* PBXContainerItemProxy */;
		};
/* End PBXTargetDependency section */

/* Begin PBXVariantGroup section */
		FA4262662218BC6900A81843 /* Main.storyboard */ = {
			isa = PBXVariantGroup;
			children = (
				FA4262672218BC6900A81843 /* Base */,
			);
			name = Main.storyboard;
			sourceTree = "<group>";
		};
		FA42626B2218BC6F00A81843 /* LaunchScreen.storyboard */ = {
			isa = PBXVariantGroup;
			children = (
				FA42626C2218BC6F00A81843 /* Base */,
			);
			name = LaunchScreen.storyboard;
			sourceTree = "<group>";
		};
/* End PBXVariantGroup section */

/* Begin XCBuildConfiguration section */
		FA4262852218BC7000A81843 /* Debug */ = {
			isa = XCBuildConfiguration;
			buildSettings = {
				ALWAYS_SEARCH_USER_PATHS = NO;
				CLANG_ANALYZER_NONNULL = YES;
				CLANG_ANALYZER_NUMBER_OBJECT_CONVERSION = YES_AGGRESSIVE;
				CLANG_CXX_LANGUAGE_STANDARD = "gnu++14";
				CLANG_CXX_LIBRARY = "libc++";
				CLANG_ENABLE_MODULES = YES;
				CLANG_ENABLE_OBJC_ARC = YES;
				CLANG_ENABLE_OBJC_WEAK = YES;
				CLANG_WARN_BLOCK_CAPTURE_AUTORELEASING = YES;
				CLANG_WARN_BOOL_CONVERSION = YES;
				CLANG_WARN_COMMA = YES;
				CLANG_WARN_CONSTANT_CONVERSION = YES;
				CLANG_WARN_DEPRECATED_OBJC_IMPLEMENTATIONS = YES;
				CLANG_WARN_DIRECT_OBJC_ISA_USAGE = YES_ERROR;
				CLANG_WARN_DOCUMENTATION_COMMENTS = YES;
				CLANG_WARN_EMPTY_BODY = YES;
				CLANG_WARN_ENUM_CONVERSION = YES;
				CLANG_WARN_INFINITE_RECURSION = YES;
				CLANG_WARN_INT_CONVERSION = YES;
				CLANG_WARN_NON_LITERAL_NULL_CONVERSION = YES;
				CLANG_WARN_OBJC_IMPLICIT_RETAIN_SELF = YES;
				CLANG_WARN_OBJC_LITERAL_CONVERSION = YES;
				CLANG_WARN_OBJC_ROOT_CLASS = YES_ERROR;
				CLANG_WARN_RANGE_LOOP_ANALYSIS = YES;
				CLANG_WARN_STRICT_PROTOTYPES = YES;
				CLANG_WARN_SUSPICIOUS_MOVE = YES;
				CLANG_WARN_UNGUARDED_AVAILABILITY = YES_AGGRESSIVE;
				CLANG_WARN_UNREACHABLE_CODE = YES;
				CLANG_WARN__DUPLICATE_METHOD_MATCH = YES;
				CODE_SIGN_IDENTITY = "iPhone Developer";
				COPY_PHASE_STRIP = NO;
				DEBUG_INFORMATION_FORMAT = dwarf;
				ENABLE_STRICT_OBJC_MSGSEND = YES;
				ENABLE_TESTABILITY = YES;
				GCC_C_LANGUAGE_STANDARD = gnu11;
				GCC_DYNAMIC_NO_PIC = NO;
				GCC_NO_COMMON_BLOCKS = YES;
				GCC_OPTIMIZATION_LEVEL = 0;
				GCC_PREPROCESSOR_DEFINITIONS = (
					"DEBUG=1",
					"$(inherited)",
				);
				GCC_WARN_64_TO_32_BIT_CONVERSION = YES;
				GCC_WARN_ABOUT_RETURN_TYPE = YES_ERROR;
				GCC_WARN_UNDECLARED_SELECTOR = YES;
				GCC_WARN_UNINITIALIZED_AUTOS = YES_AGGRESSIVE;
				GCC_WARN_UNUSED_FUNCTION = YES;
				GCC_WARN_UNUSED_VARIABLE = YES;
				IPHONEOS_DEPLOYMENT_TARGET = 12.1;
				MTL_ENABLE_DEBUG_INFO = INCLUDE_SOURCE;
				MTL_FAST_MATH = YES;
				ONLY_ACTIVE_ARCH = YES;
				SDKROOT = iphoneos;
				SWIFT_ACTIVE_COMPILATION_CONDITIONS = DEBUG;
				SWIFT_OPTIMIZATION_LEVEL = "-Onone";
			};
			name = Debug;
		};
		FA4262862218BC7000A81843 /* Release */ = {
			isa = XCBuildConfiguration;
			buildSettings = {
				ALWAYS_SEARCH_USER_PATHS = NO;
				CLANG_ANALYZER_NONNULL = YES;
				CLANG_ANALYZER_NUMBER_OBJECT_CONVERSION = YES_AGGRESSIVE;
				CLANG_CXX_LANGUAGE_STANDARD = "gnu++14";
				CLANG_CXX_LIBRARY = "libc++";
				CLANG_ENABLE_MODULES = YES;
				CLANG_ENABLE_OBJC_ARC = YES;
				CLANG_ENABLE_OBJC_WEAK = YES;
				CLANG_WARN_BLOCK_CAPTURE_AUTORELEASING = YES;
				CLANG_WARN_BOOL_CONVERSION = YES;
				CLANG_WARN_COMMA = YES;
				CLANG_WARN_CONSTANT_CONVERSION = YES;
				CLANG_WARN_DEPRECATED_OBJC_IMPLEMENTATIONS = YES;
				CLANG_WARN_DIRECT_OBJC_ISA_USAGE = YES_ERROR;
				CLANG_WARN_DOCUMENTATION_COMMENTS = YES;
				CLANG_WARN_EMPTY_BODY = YES;
				CLANG_WARN_ENUM_CONVERSION = YES;
				CLANG_WARN_INFINITE_RECURSION = YES;
				CLANG_WARN_INT_CONVERSION = YES;
				CLANG_WARN_NON_LITERAL_NULL_CONVERSION = YES;
				CLANG_WARN_OBJC_IMPLICIT_RETAIN_SELF = YES;
				CLANG_WARN_OBJC_LITERAL_CONVERSION = YES;
				CLANG_WARN_OBJC_ROOT_CLASS = YES_ERROR;
				CLANG_WARN_RANGE_LOOP_ANALYSIS = YES;
				CLANG_WARN_STRICT_PROTOTYPES = YES;
				CLANG_WARN_SUSPICIOUS_MOVE = YES;
				CLANG_WARN_UNGUARDED_AVAILABILITY = YES_AGGRESSIVE;
				CLANG_WARN_UNREACHABLE_CODE = YES;
				CLANG_WARN__DUPLICATE_METHOD_MATCH = YES;
				CODE_SIGN_IDENTITY = "iPhone Developer";
				COPY_PHASE_STRIP = NO;
				DEBUG_INFORMATION_FORMAT = "dwarf-with-dsym";
				ENABLE_NS_ASSERTIONS = NO;
				ENABLE_STRICT_OBJC_MSGSEND = YES;
				GCC_C_LANGUAGE_STANDARD = gnu11;
				GCC_NO_COMMON_BLOCKS = YES;
				GCC_WARN_64_TO_32_BIT_CONVERSION = YES;
				GCC_WARN_ABOUT_RETURN_TYPE = YES_ERROR;
				GCC_WARN_UNDECLARED_SELECTOR = YES;
				GCC_WARN_UNINITIALIZED_AUTOS = YES_AGGRESSIVE;
				GCC_WARN_UNUSED_FUNCTION = YES;
				GCC_WARN_UNUSED_VARIABLE = YES;
				IPHONEOS_DEPLOYMENT_TARGET = 12.1;
				MTL_ENABLE_DEBUG_INFO = NO;
				MTL_FAST_MATH = YES;
				SDKROOT = iphoneos;
				SWIFT_COMPILATION_MODE = wholemodule;
				SWIFT_OPTIMIZATION_LEVEL = "-O";
				VALIDATE_PRODUCT = YES;
			};
			name = Release;
		};
		FA4262882218BC7000A81843 /* Debug */ = {
			isa = XCBuildConfiguration;
			baseConfigurationReference = 8BC49B761435DBFBD7CCC7A5 /* Pods-Parstagram.debug.xcconfig */;
			buildSettings = {
				ASSETCATALOG_COMPILER_APPICON_NAME = AppIcon;
				CODE_SIGN_STYLE = Automatic;
				INFOPLIST_FILE = Parstagram/Info.plist;
				LD_RUNPATH_SEARCH_PATHS = (
					"$(inherited)",
					"@executable_path/Frameworks",
				);
				PRODUCT_BUNDLE_IDENTIFIER = uci.Parstagram;
				PRODUCT_NAME = "$(TARGET_NAME)";
				SWIFT_VERSION = 4.2;
				TARGETED_DEVICE_FAMILY = "1,2";
			};
			name = Debug;
		};
		FA4262892218BC7000A81843 /* Release */ = {
			isa = XCBuildConfiguration;
			baseConfigurationReference = 654F86208DF801B5A748931C /* Pods-Parstagram.release.xcconfig */;
			buildSettings = {
				ASSETCATALOG_COMPILER_APPICON_NAME = AppIcon;
				CODE_SIGN_STYLE = Automatic;
				INFOPLIST_FILE = Parstagram/Info.plist;
				LD_RUNPATH_SEARCH_PATHS = (
					"$(inherited)",
					"@executable_path/Frameworks",
				);
				PRODUCT_BUNDLE_IDENTIFIER = uci.Parstagram;
				PRODUCT_NAME = "$(TARGET_NAME)";
				SWIFT_VERSION = 4.2;
				TARGETED_DEVICE_FAMILY = "1,2";
			};
			name = Release;
		};
		FA42628B2218BC7000A81843 /* Debug */ = {
			isa = XCBuildConfiguration;
			baseConfigurationReference = 5E5EC95415B1BF881F20C5CC /* Pods-ParstagramTests.debug.xcconfig */;
			buildSettings = {
				ALWAYS_EMBED_SWIFT_STANDARD_LIBRARIES = YES;
				BUNDLE_LOADER = "$(TEST_HOST)";
				CODE_SIGN_STYLE = Automatic;
				INFOPLIST_FILE = ParstagramTests/Info.plist;
				LD_RUNPATH_SEARCH_PATHS = (
					"$(inherited)",
					"@executable_path/Frameworks",
					"@loader_path/Frameworks",
				);
				PRODUCT_BUNDLE_IDENTIFIER = uci.ParstagramTests;
				PRODUCT_NAME = "$(TARGET_NAME)";
				SWIFT_VERSION = 4.2;
				TARGETED_DEVICE_FAMILY = "1,2";
				TEST_HOST = "$(BUILT_PRODUCTS_DIR)/Parstagram.app/Parstagram";
			};
			name = Debug;
		};
		FA42628C2218BC7000A81843 /* Release */ = {
			isa = XCBuildConfiguration;
			baseConfigurationReference = 19953302B2AC9F283EC60309 /* Pods-ParstagramTests.release.xcconfig */;
			buildSettings = {
				ALWAYS_EMBED_SWIFT_STANDARD_LIBRARIES = YES;
				BUNDLE_LOADER = "$(TEST_HOST)";
				CODE_SIGN_STYLE = Automatic;
				INFOPLIST_FILE = ParstagramTests/Info.plist;
				LD_RUNPATH_SEARCH_PATHS = (
					"$(inherited)",
					"@executable_path/Frameworks",
					"@loader_path/Frameworks",
				);
				PRODUCT_BUNDLE_IDENTIFIER = uci.ParstagramTests;
				PRODUCT_NAME = "$(TARGET_NAME)";
				SWIFT_VERSION = 4.2;
				TARGETED_DEVICE_FAMILY = "1,2";
				TEST_HOST = "$(BUILT_PRODUCTS_DIR)/Parstagram.app/Parstagram";
			};
			name = Release;
		};
		FA42628E2218BC7000A81843 /* Debug */ = {
			isa = XCBuildConfiguration;
			baseConfigurationReference = CA5CD46B0A1ED4DBA28BB0E6 /* Pods-ParstagramUITests.debug.xcconfig */;
			buildSettings = {
				ALWAYS_EMBED_SWIFT_STANDARD_LIBRARIES = YES;
				CODE_SIGN_STYLE = Automatic;
				INFOPLIST_FILE = ParstagramUITests/Info.plist;
				LD_RUNPATH_SEARCH_PATHS = (
					"$(inherited)",
					"@executable_path/Frameworks",
					"@loader_path/Frameworks",
				);
				PRODUCT_BUNDLE_IDENTIFIER = uci.ParstagramUITests;
				PRODUCT_NAME = "$(TARGET_NAME)";
				SWIFT_VERSION = 4.2;
				TARGETED_DEVICE_FAMILY = "1,2";
				TEST_TARGET_NAME = Parstagram;
			};
			name = Debug;
		};
		FA42628F2218BC7000A81843 /* Release */ = {
			isa = XCBuildConfiguration;
			baseConfigurationReference = C1FE7B15E39D6B1A59A95B12 /* Pods-ParstagramUITests.release.xcconfig */;
			buildSettings = {
				ALWAYS_EMBED_SWIFT_STANDARD_LIBRARIES = YES;
				CODE_SIGN_STYLE = Automatic;
				INFOPLIST_FILE = ParstagramUITests/Info.plist;
				LD_RUNPATH_SEARCH_PATHS = (
					"$(inherited)",
					"@executable_path/Frameworks",
					"@loader_path/Frameworks",
				);
				PRODUCT_BUNDLE_IDENTIFIER = uci.ParstagramUITests;
				PRODUCT_NAME = "$(TARGET_NAME)";
				SWIFT_VERSION = 4.2;
				TARGETED_DEVICE_FAMILY = "1,2";
				TEST_TARGET_NAME = Parstagram;
			};
			name = Release;
		};
/* End XCBuildConfiguration section */

/* Begin XCConfigurationList section */
		FA42625A2218BC6900A81843 /* Build configuration list for PBXProject "Parstagram" */ = {
			isa = XCConfigurationList;
			buildConfigurations = (
				FA4262852218BC7000A81843 /* Debug */,
				FA4262862218BC7000A81843 /* Release */,
			);
			defaultConfigurationIsVisible = 0;
			defaultConfigurationName = Release;
		};
		FA4262872218BC7000A81843 /* Build configuration list for PBXNativeTarget "Parstagram" */ = {
			isa = XCConfigurationList;
			buildConfigurations = (
				FA4262882218BC7000A81843 /* Debug */,
				FA4262892218BC7000A81843 /* Release */,
			);
			defaultConfigurationIsVisible = 0;
			defaultConfigurationName = Release;
		};
		FA42628A2218BC7000A81843 /* Build configuration list for PBXNativeTarget "ParstagramTests" */ = {
			isa = XCConfigurationList;
			buildConfigurations = (
				FA42628B2218BC7000A81843 /* Debug */,
				FA42628C2218BC7000A81843 /* Release */,
			);
			defaultConfigurationIsVisible = 0;
			defaultConfigurationName = Release;
		};
		FA42628D2218BC7000A81843 /* Build configuration list for PBXNativeTarget "ParstagramUITests" */ = {
			isa = XCConfigurationList;
			buildConfigurations = (
				FA42628E2218BC7000A81843 /* Debug */,
				FA42628F2218BC7000A81843 /* Release */,
			);
			defaultConfigurationIsVisible = 0;
			defaultConfigurationName = Release;
		};
/* End XCConfigurationList section */
	};
	rootObject = FA4262572218BC6900A81843 /* Project object */;
}
